// !$*UTF8*$!
{
	archiveVersion = 1;
	classes = {
	};
	objectVersion = 46;
	objects = {

/* Begin PBXBuildFile section */
		65DAAA0FCE9D7463BB0F3B44 /* Pods_ObjcMapApp.framework in Frameworks */ = {isa = PBXBuildFile; fileRef = ACC7C2341335C915F7A85448 /* Pods_ObjcMapApp.framework */; };
		9D32A3B81D6597C100EC043F /* main.m in Sources */ = {isa = PBXBuildFile; fileRef = 9D32A3B71D6597C100EC043F /* main.m */; };
		9D32A3BB1D6597C100EC043F /* AppDelegate.m in Sources */ = {isa = PBXBuildFile; fileRef = 9D32A3BA1D6597C100EC043F /* AppDelegate.m */; };
		9D32A3BE1D6597C100EC043F /* ViewController.m in Sources */ = {isa = PBXBuildFile; fileRef = 9D32A3BD1D6597C100EC043F /* ViewController.m */; };
		9D32A3C11D6597C100EC043F /* Main.storyboard in Resources */ = {isa = PBXBuildFile; fileRef = 9D32A3BF1D6597C100EC043F /* Main.storyboard */; };
		9D32A3C31D6597C100EC043F /* Assets.xcassets in Resources */ = {isa = PBXBuildFile; fileRef = 9D32A3C21D6597C100EC043F /* Assets.xcassets */; };
		9D32A3C61D6597C100EC043F /* LaunchScreen.storyboard in Resources */ = {isa = PBXBuildFile; fileRef = 9D32A3C41D6597C100EC043F /* LaunchScreen.storyboard */; };
/* End PBXBuildFile section */

/* Begin PBXFileReference section */
		1CF6C30ABE571CA31B0C8612 /* Pods-ObjcMapApp.release.xcconfig */ = {isa = PBXFileReference; includeInIndex = 1; lastKnownFileType = text.xcconfig; name = "Pods-ObjcMapApp.release.xcconfig"; path = "Target Support Files/Pods-ObjcMapApp/Pods-ObjcMapApp.release.xcconfig"; sourceTree = "<group>"; };
		9D32A3B31D6597C100EC043F /* ObjcMapApp.app */ = {isa = PBXFileReference; explicitFileType = wrapper.application; includeInIndex = 0; path = ObjcMapApp.app; sourceTree = BUILT_PRODUCTS_DIR; };
		9D32A3B71D6597C100EC043F /* main.m */ = {isa = PBXFileReference; lastKnownFileType = sourcecode.c.objc; path = main.m; sourceTree = "<group>"; };
		9D32A3B91D6597C100EC043F /* AppDelegate.h */ = {isa = PBXFileReference; lastKnownFileType = sourcecode.c.h; path = AppDelegate.h; sourceTree = "<group>"; };
		9D32A3BA1D6597C100EC043F /* AppDelegate.m */ = {isa = PBXFileReference; lastKnownFileType = sourcecode.c.objc; path = AppDelegate.m; sourceTree = "<group>"; };
		9D32A3BC1D6597C100EC043F /* ViewController.h */ = {isa = PBXFileReference; lastKnownFileType = sourcecode.c.h; path = ViewController.h; sourceTree = "<group>"; };
		9D32A3BD1D6597C100EC043F /* ViewController.m */ = {isa = PBXFileReference; lastKnownFileType = sourcecode.c.objc; path = ViewController.m; sourceTree = "<group>"; };
		9D32A3C01D6597C100EC043F /* Base */ = {isa = PBXFileReference; lastKnownFileType = file.storyboard; name = Base; path = Base.lproj/Main.storyboard; sourceTree = "<group>"; };
		9D32A3C21D6597C100EC043F /* Assets.xcassets */ = {isa = PBXFileReference; lastKnownFileType = folder.assetcatalog; path = Assets.xcassets; sourceTree = "<group>"; };
		9D32A3C51D6597C100EC043F /* Base */ = {isa = PBXFileReference; lastKnownFileType = file.storyboard; name = Base; path = Base.lproj/LaunchScreen.storyboard; sourceTree = "<group>"; };
		9D32A3C71D6597C100EC043F /* Info.plist */ = {isa = PBXFileReference; lastKnownFileType = text.plist.xml; path = Info.plist; sourceTree = "<group>"; };
		ACC7C2341335C915F7A85448 /* Pods_ObjcMapApp.framework */ = {isa = PBXFileReference; explicitFileType = wrapper.framework; includeInIndex = 0; path = Pods_ObjcMapApp.framework; sourceTree = BUILT_PRODUCTS_DIR; };
		D326D167D795EF3547D90E7E /* Pods-ObjcMapApp.debug.xcconfig */ = {isa = PBXFileReference; includeInIndex = 1; lastKnownFileType = text.xcconfig; name = "Pods-ObjcMapApp.debug.xcconfig"; path = "Target Support Files/Pods-ObjcMapApp/Pods-ObjcMapApp.debug.xcconfig"; sourceTree = "<group>"; };
/* End PBXFileReference section */

/* Begin PBXFrameworksBuildPhase section */
		9D32A3B01D6597C100EC043F /* Frameworks */ = {
			isa = PBXFrameworksBuildPhase;
			buildActionMask = 2147483647;
			files = (
				65DAAA0FCE9D7463BB0F3B44 /* Pods_ObjcMapApp.framework in Frameworks */,
			);
			runOnlyForDeploymentPostprocessing = 0;
		};
/* End PBXFrameworksBuildPhase section */

/* Begin PBXGroup section */
		24F3A29888DDFBCF6ACAAE63 /* Pods */ = {
			isa = PBXGroup;
			children = (
				D326D167D795EF3547D90E7E /* Pods-ObjcMapApp.debug.xcconfig */,
				1CF6C30ABE571CA31B0C8612 /* Pods-ObjcMapApp.release.xcconfig */,
			);
			path = Pods;
			sourceTree = "<group>";
		};
		7E424D8DDEFD0536595DBD25 /* Frameworks */ = {
			isa = PBXGroup;
			children = (
				ACC7C2341335C915F7A85448 /* Pods_ObjcMapApp.framework */,
			);
			name = Frameworks;
			sourceTree = "<group>";
		};
		9D32A3AA1D6597C100EC043F = {
			isa = PBXGroup;
			children = (
				9D32A3B51D6597C100EC043F /* ObjcMapApp */,
				9D32A3B41D6597C100EC043F /* Products */,
				24F3A29888DDFBCF6ACAAE63 /* Pods */,
				7E424D8DDEFD0536595DBD25 /* Frameworks */,
			);
			sourceTree = "<group>";
		};
		9D32A3B41D6597C100EC043F /* Products */ = {
			isa = PBXGroup;
			children = (
				9D32A3B31D6597C100EC043F /* ObjcMapApp.app */,
			);
			name = Products;
			sourceTree = "<group>";
		};
		9D32A3B51D6597C100EC043F /* ObjcMapApp */ = {
			isa = PBXGroup;
			children = (
				9D32A3B91D6597C100EC043F /* AppDelegate.h */,
				9D32A3BA1D6597C100EC043F /* AppDelegate.m */,
				9D32A3BC1D6597C100EC043F /* ViewController.h */,
				9D32A3BD1D6597C100EC043F /* ViewController.m */,
				9D32A3BF1D6597C100EC043F /* Main.storyboard */,
				9D32A3C21D6597C100EC043F /* Assets.xcassets */,
				9D32A3C41D6597C100EC043F /* LaunchScreen.storyboard */,
				9D32A3C71D6597C100EC043F /* Info.plist */,
				9D32A3B61D6597C100EC043F /* Supporting Files */,
			);
			path = ObjcMapApp;
			sourceTree = "<group>";
		};
		9D32A3B61D6597C100EC043F /* Supporting Files */ = {
			isa = PBXGroup;
			children = (
				9D32A3B71D6597C100EC043F /* main.m */,
			);
			name = "Supporting Files";
			sourceTree = "<group>";
		};
/* End PBXGroup section */

/* Begin PBXNativeTarget section */
		9D32A3B21D6597C100EC043F /* ObjcMapApp */ = {
			isa = PBXNativeTarget;
			buildConfigurationList = 9D32A3CA1D6597C100EC043F /* Build configuration list for PBXNativeTarget "ObjcMapApp" */;
			buildPhases = (
				3A158447634EF6F9290AD737 /* [CP] Check Pods Manifest.lock */,
				9D32A3AF1D6597C100EC043F /* Sources */,
				9D32A3B01D6597C100EC043F /* Frameworks */,
				9D32A3B11D6597C100EC043F /* Resources */,
				17BF4342F150B7DB3F59D92A /* [CP] Embed Pods Frameworks */,
				65F20C3F6F822616B22D99B1 /* [CP] Copy Pods Resources */,
			);
			buildRules = (
			);
			dependencies = (
			);
			name = ObjcMapApp;
			productName = ObjcMapApp;
			productReference = 9D32A3B31D6597C100EC043F /* ObjcMapApp.app */;
			productType = "com.apple.product-type.application";
		};
/* End PBXNativeTarget section */

/* Begin PBXProject section */
		9D32A3AB1D6597C100EC043F /* Project object */ = {
			isa = PBXProject;
			attributes = {
				LastUpgradeCheck = 1160;
				ORGANIZATIONNAME = FUJITSU CLOUD TECHNOLOGIES LIMITED;
				TargetAttributes = {
					9D32A3B21D6597C100EC043F = {
						CreatedOnToolsVersion = 7.3.1;
					};
				};
			};
			buildConfigurationList = 9D32A3AE1D6597C100EC043F /* Build configuration list for PBXProject "ObjcMapApp" */;
			compatibilityVersion = "Xcode 3.2";
			developmentRegion = English;
			hasScannedForEncodings = 0;
			knownRegions = (
				English,
				en,
				Base,
			);
			mainGroup = 9D32A3AA1D6597C100EC043F;
			productRefGroup = 9D32A3B41D6597C100EC043F /* Products */;
			projectDirPath = "";
			projectRoot = "";
			targets = (
				9D32A3B21D6597C100EC043F /* ObjcMapApp */,
			);
		};
/* End PBXProject section */

/* Begin PBXResourcesBuildPhase section */
		9D32A3B11D6597C100EC043F /* Resources */ = {
			isa = PBXResourcesBuildPhase;
			buildActionMask = 2147483647;
			files = (
				9D32A3C61D6597C100EC043F /* LaunchScreen.storyboard in Resources */,
				9D32A3C31D6597C100EC043F /* Assets.xcassets in Resources */,
				9D32A3C11D6597C100EC043F /* Main.storyboard in Resources */,
			);
			runOnlyForDeploymentPostprocessing = 0;
		};
/* End PBXResourcesBuildPhase section */

/* Begin PBXShellScriptBuildPhase section */
		17BF4342F150B7DB3F59D92A /* [CP] Embed Pods Frameworks */ = {
			isa = PBXShellScriptBuildPhase;
			buildActionMask = 2147483647;
			files = (
			);
			inputPaths = (
				"${PODS_ROOT}/Target Support Files/Pods-ObjcMapApp/Pods-ObjcMapApp-frameworks.sh",
				"${BUILT_PRODUCTS_DIR}/NCMB/NCMB.framework",
			);
			name = "[CP] Embed Pods Frameworks";
			outputPaths = (
				"${TARGET_BUILD_DIR}/${FRAMEWORKS_FOLDER_PATH}/NCMB.framework",
			);
			runOnlyForDeploymentPostprocessing = 0;
			shellPath = /bin/sh;
			shellScript = "\"${PODS_ROOT}/Target Support Files/Pods-ObjcMapApp/Pods-ObjcMapApp-frameworks.sh\"\n";
			showEnvVarsInLog = 0;
		};
		3A158447634EF6F9290AD737 /* [CP] Check Pods Manifest.lock */ = {
			isa = PBXShellScriptBuildPhase;
			buildActionMask = 2147483647;
			files = (
			);
			inputFileListPaths = (
			);
			inputPaths = (
				"${PODS_PODFILE_DIR_PATH}/Podfile.lock",
				"${PODS_ROOT}/Manifest.lock",
			);
			name = "[CP] Check Pods Manifest.lock";
			outputFileListPaths = (
			);
			outputPaths = (
				"$(DERIVED_FILE_DIR)/Pods-ObjcMapApp-checkManifestLockResult.txt",
			);
			runOnlyForDeploymentPostprocessing = 0;
			shellPath = /bin/sh;
			shellScript = "diff \"${PODS_PODFILE_DIR_PATH}/Podfile.lock\" \"${PODS_ROOT}/Manifest.lock\" > /dev/null\nif [ $? != 0 ] ; then\n    # print error to STDERR\n    echo \"error: The sandbox is not in sync with the Podfile.lock. Run 'pod install' or update your CocoaPods installation.\" >&2\n    exit 1\nfi\n# This output is used by Xcode 'outputs' to avoid re-running this script phase.\necho \"SUCCESS\" > \"${SCRIPT_OUTPUT_FILE_0}\"\n";
			showEnvVarsInLog = 0;
		};
		65F20C3F6F822616B22D99B1 /* [CP] Copy Pods Resources */ = {
			isa = PBXShellScriptBuildPhase;
			buildActionMask = 2147483647;
			files = (
			);
			inputPaths = (
				"${PODS_ROOT}/Target Support Files/Pods-ObjcMapApp/Pods-ObjcMapApp-resources.sh",
				"${PODS_ROOT}/GoogleMaps/Maps/Frameworks/GoogleMaps.framework/Resources/GoogleMaps.bundle",
			);
			name = "[CP] Copy Pods Resources";
			outputPaths = (
				"${TARGET_BUILD_DIR}/${UNLOCALIZED_RESOURCES_FOLDER_PATH}/GoogleMaps.bundle",
			);
			runOnlyForDeploymentPostprocessing = 0;
			shellPath = /bin/sh;
			shellScript = "\"${PODS_ROOT}/Target Support Files/Pods-ObjcMapApp/Pods-ObjcMapApp-resources.sh\"\n";
			showEnvVarsInLog = 0;
		};
/* End PBXShellScriptBuildPhase section */

/* Begin PBXSourcesBuildPhase section */
		9D32A3AF1D6597C100EC043F /* Sources */ = {
			isa = PBXSourcesBuildPhase;
			buildActionMask = 2147483647;
			files = (
				9D32A3BE1D6597C100EC043F /* ViewController.m in Sources */,
				9D32A3BB1D6597C100EC043F /* AppDelegate.m in Sources */,
				9D32A3B81D6597C100EC043F /* main.m in Sources */,
			);
			runOnlyForDeploymentPostprocessing = 0;
		};
/* End PBXSourcesBuildPhase section */

/* Begin PBXVariantGroup section */
		9D32A3BF1D6597C100EC043F /* Main.storyboard */ = {
			isa = PBXVariantGroup;
			children = (
				9D32A3C01D6597C100EC043F /* Base */,
			);
			name = Main.storyboard;
			sourceTree = "<group>";
		};
		9D32A3C41D6597C100EC043F /* LaunchScreen.storyboard */ = {
			isa = PBXVariantGroup;
			children = (
				9D32A3C51D6597C100EC043F /* Base */,
			);
			name = LaunchScreen.storyboard;
			sourceTree = "<group>";
		};
/* End PBXVariantGroup section */

/* Begin XCBuildConfiguration section */
		9D32A3C81D6597C100EC043F /* Debug */ = {
			isa = XCBuildConfiguration;
			buildSettings = {
				ALWAYS_SEARCH_USER_PATHS = NO;
				CLANG_ANALYZER_NONNULL = YES;
				CLANG_CXX_LANGUAGE_STANDARD = "gnu++0x";
				CLANG_CXX_LIBRARY = "libc++";
				CLANG_ENABLE_MODULES = YES;
				CLANG_ENABLE_OBJC_ARC = YES;
				CLANG_WARN_BLOCK_CAPTURE_AUTORELEASING = YES;
				CLANG_WARN_BOOL_CONVERSION = YES;
				CLANG_WARN_COMMA = YES;
				CLANG_WARN_CONSTANT_CONVERSION = YES;
				CLANG_WARN_DEPRECATED_OBJC_IMPLEMENTATIONS = YES;
				CLANG_WARN_DIRECT_OBJC_ISA_USAGE = YES_ERROR;
				CLANG_WARN_EMPTY_BODY = YES;
				CLANG_WARN_ENUM_CONVERSION = YES;
				CLANG_WARN_INFINITE_RECURSION = YES;
				CLANG_WARN_INT_CONVERSION = YES;
				CLANG_WARN_NON_LITERAL_NULL_CONVERSION = YES;
				CLANG_WARN_OBJC_IMPLICIT_RETAIN_SELF = YES;
				CLANG_WARN_OBJC_LITERAL_CONVERSION = YES;
				CLANG_WARN_OBJC_ROOT_CLASS = YES_ERROR;
				CLANG_WARN_RANGE_LOOP_ANALYSIS = YES;
				CLANG_WARN_STRICT_PROTOTYPES = YES;
				CLANG_WARN_SUSPICIOUS_MOVE = YES;
				CLANG_WARN_UNREACHABLE_CODE = YES;
				CLANG_WARN__DUPLICATE_METHOD_MATCH = YES;
				"CODE_SIGN_IDENTITY[sdk=iphoneos*]" = "iPhone Developer";
				COPY_PHASE_STRIP = NO;
				DEBUG_INFORMATION_FORMAT = dwarf;
				ENABLE_STRICT_OBJC_MSGSEND = YES;
				ENABLE_TESTABILITY = YES;
				GCC_C_LANGUAGE_STANDARD = gnu99;
				GCC_DYNAMIC_NO_PIC = NO;
				GCC_NO_COMMON_BLOCKS = YES;
				GCC_OPTIMIZATION_LEVEL = 0;
				GCC_PREPROCESSOR_DEFINITIONS = (
					"DEBUG=1",
					"$(inherited)",
				);
				GCC_WARN_64_TO_32_BIT_CONVERSION = YES;
				GCC_WARN_ABOUT_RETURN_TYPE = YES_ERROR;
				GCC_WARN_UNDECLARED_SELECTOR = YES;
				GCC_WARN_UNINITIALIZED_AUTOS = YES_AGGRESSIVE;
				GCC_WARN_UNUSED_FUNCTION = YES;
				GCC_WARN_UNUSED_VARIABLE = YES;
				IPHONEOS_DEPLOYMENT_TARGET = 9.3;
				MTL_ENABLE_DEBUG_INFO = YES;
				ONLY_ACTIVE_ARCH = YES;
				SDKROOT = iphoneos;
				TARGETED_DEVICE_FAMILY = "1,2";
			};
			name = Debug;
		};
		9D32A3C91D6597C100EC043F /* Release */ = {
			isa = XCBuildConfiguration;
			buildSettings = {
				ALWAYS_SEARCH_USER_PATHS = NO;
				CLANG_ANALYZER_NONNULL = YES;
				CLANG_CXX_LANGUAGE_STANDARD = "gnu++0x";
				CLANG_CXX_LIBRARY = "libc++";
				CLANG_ENABLE_MODULES = YES;
				CLANG_ENABLE_OBJC_ARC = YES;
				CLANG_WARN_BLOCK_CAPTURE_AUTORELEASING = YES;
				CLANG_WARN_BOOL_CONVERSION = YES;
				CLANG_WARN_COMMA = YES;
				CLANG_WARN_CONSTANT_CONVERSION = YES;
				CLANG_WARN_DEPRECATED_OBJC_IMPLEMENTATIONS = YES;
				CLANG_WARN_DIRECT_OBJC_ISA_USAGE = YES_ERROR;
				CLANG_WARN_EMPTY_BODY = YES;
				CLANG_WARN_ENUM_CONVERSION = YES;
				CLANG_WARN_INFINITE_RECURSION = YES;
				CLANG_WARN_INT_CONVERSION = YES;
				CLANG_WARN_NON_LITERAL_NULL_CONVERSION = YES;
				CLANG_WARN_OBJC_IMPLICIT_RETAIN_SELF = YES;
				CLANG_WARN_OBJC_LITERAL_CONVERSION = YES;
				CLANG_WARN_OBJC_ROOT_CLASS = YES_ERROR;
				CLANG_WARN_RANGE_LOOP_ANALYSIS = YES;
				CLANG_WARN_STRICT_PROTOTYPES = YES;
				CLANG_WARN_SUSPICIOUS_MOVE = YES;
				CLANG_WARN_UNREACHABLE_CODE = YES;
				CLANG_WARN__DUPLICATE_METHOD_MATCH = YES;
				"CODE_SIGN_IDENTITY[sdk=iphoneos*]" = "iPhone Developer";
				COPY_PHASE_STRIP = NO;
				DEBUG_INFORMATION_FORMAT = "dwarf-with-dsym";
				ENABLE_NS_ASSERTIONS = NO;
				ENABLE_STRICT_OBJC_MSGSEND = YES;
				GCC_C_LANGUAGE_STANDARD = gnu99;
				GCC_NO_COMMON_BLOCKS = YES;
				GCC_WARN_64_TO_32_BIT_CONVERSION = YES;
				GCC_WARN_ABOUT_RETURN_TYPE = YES_ERROR;
				GCC_WARN_UNDECLARED_SELECTOR = YES;
				GCC_WARN_UNINITIALIZED_AUTOS = YES_AGGRESSIVE;
				GCC_WARN_UNUSED_FUNCTION = YES;
				GCC_WARN_UNUSED_VARIABLE = YES;
				IPHONEOS_DEPLOYMENT_TARGET = 9.3;
				MTL_ENABLE_DEBUG_INFO = NO;
				SDKROOT = iphoneos;
				TARGETED_DEVICE_FAMILY = "1,2";
				VALIDATE_PRODUCT = YES;
			};
			name = Release;
		};
		9D32A3CB1D6597C100EC043F /* Debug */ = {
			isa = XCBuildConfiguration;
			baseConfigurationReference = D326D167D795EF3547D90E7E /* Pods-ObjcMapApp.debug.xcconfig */;
			buildSettings = {
				ASSETCATALOG_COMPILER_APPICON_NAME = AppIcon;
				INFOPLIST_FILE = ObjcMapApp/Info.plist;
				IPHONEOS_DEPLOYMENT_TARGET = 8.0;
				LD_RUNPATH_SEARCH_PATHS = "$(inherited) @executable_path/Frameworks";
				PRODUCT_BUNDLE_IDENTIFIER = com.mobilebackend.nifcloud.ObjcMapApp;
				PRODUCT_NAME = "$(TARGET_NAME)";
			};
			name = Debug;
		};
		9D32A3CC1D6597C100EC043F /* Release */ = {
			isa = XCBuildConfiguration;
			baseConfigurationReference = 1CF6C30ABE571CA31B0C8612 /* Pods-ObjcMapApp.release.xcconfig */;
			buildSettings = {
				ASSETCATALOG_COMPILER_APPICON_NAME = AppIcon;
				INFOPLIST_FILE = ObjcMapApp/Info.plist;
				IPHONEOS_DEPLOYMENT_TARGET = 8.0;
				LD_RUNPATH_SEARCH_PATHS = "$(inherited) @executable_path/Frameworks";
				PRODUCT_BUNDLE_IDENTIFIER = com.mobilebackend.nifcloud.ObjcMapApp;
				PRODUCT_NAME = "$(TARGET_NAME)";
			};
			name = Release;
		};
/* End XCBuildConfiguration section */

/* Begin XCConfigurationList section */
		9D32A3AE1D6597C100EC043F /* Build configuration list for PBXProject "ObjcMapApp" */ = {
			isa = XCConfigurationList;
			buildConfigurations = (
				9D32A3C81D6597C100EC043F /* Debug */,
				9D32A3C91D6597C100EC043F /* Release */,
			);
			defaultConfigurationIsVisible = 0;
			defaultConfigurationName = Release;
		};
		9D32A3CA1D6597C100EC043F /* Build configuration list for PBXNativeTarget "ObjcMapApp" */ = {
			isa = XCConfigurationList;
			buildConfigurations = (
				9D32A3CB1D6597C100EC043F /* Debug */,
				9D32A3CC1D6597C100EC043F /* Release */,
			);
			defaultConfigurationIsVisible = 0;
			defaultConfigurationName = Release;
		};
/* End XCConfigurationList section */
	};
	rootObject = 9D32A3AB1D6597C100EC043F /* Project object */;
}
